
Microsoft Visual Studio Solution File, Format Version 12.00
# Visual Studio Version 17
VisualStudioVersion = 17.0.31912.275
MinimumVisualStudioVersion = 10.0.40219.1
Project("{FAE04EC0-301F-11D3-BF4B-00C04F79EFBC}") = "MOD", "MOD.csproj", "{65327A8C-C84D-4514-A212-96891B6B1007}"
EndProject
Global
	GlobalSection(SolutionConfigurationPlatforms) = preSolution
		Release|Any CPU = Release|Any CPU
	EndGlobalSection
	GlobalSection(ProjectConfigurationPlatforms) = postSolution
		{65327A8C-C84D-4514-A212-96891B6B1007}.Release|Any CPU.ActiveCfg = Release|Any CPU
		{65327A8C-C84D-4514-A212-96891B6B1007}.Release|Any CPU.Build.0 = Release|Any CPU
	EndGlobalSection
	GlobalSection(SolutionProperties) = preSolution
		HideSolutionNode = FALSE
	EndGlobalSection
	GlobalSection(ExtensibilityGlobals) = postSolution
		SolutionGuid = {594D2D46-B392-43A6-B57B-4AD8BB1121B9}
	EndGlobalSection
EndGlobal
